
Microsoft Visual Studio Solution File, Format Version 12.00
# Visual Studio 15
VisualStudioVersion = 15.0.27703.2042
MinimumVisualStudioVersion = 10.0.40219.1
Project("{FAE04EC0-301F-11D3-BF4B-00C04F79EFBC}") = "Quick", "Quick\Quick.csproj", "{30DF4E13-1791-4D7A-84C9-22191B4678E7}"
EndProject
Project("{FAE04EC0-301F-11D3-BF4B-00C04F79EFBC}") = "QuickFileSystemTools", "QuickFileSystemTools\QuickFileSystemTools.csproj", "{C6419B33-8478-4CDA-B435-7A6CC6CA12D2}"
EndProject
Project("{FAE04EC0-301F-11D3-BF4B-00C04F79EFBC}") = "QuickLoader", "Loader\QuickLoader.csproj", "{A816330B-2986-429A-A4B8-4939E27AAD79}"
EndProject
Global
	GlobalSection(SolutionConfigurationPlatforms) = preSolution
		Debug|Any CPU = Debug|Any CPU
		Release|Any CPU = Release|Any CPU
	EndGlobalSection
	GlobalSection(ProjectConfigurationPlatforms) = postSolution
		{30DF4E13-1791-4D7A-84C9-22191B4678E7}.Debug|Any CPU.ActiveCfg = Debug|Any CPU
		{30DF4E13-1791-4D7A-84C9-22191B4678E7}.Debug|Any CPU.Build.0 = Debug|Any CPU
		{30DF4E13-1791-4D7A-84C9-22191B4678E7}.Release|Any CPU.ActiveCfg = Release|Any CPU
		{30DF4E13-1791-4D7A-84C9-22191B4678E7}.Release|Any CPU.Build.0 = Release|Any CPU
		{C6419B33-8478-4CDA-B435-7A6CC6CA12D2}.Debug|Any CPU.ActiveCfg = Debug|Any CPU
		{C6419B33-8478-4CDA-B435-7A6CC6CA12D2}.Debug|Any CPU.Build.0 = Debug|Any CPU
		{C6419B33-8478-4CDA-B435-7A6CC6CA12D2}.Release|Any CPU.ActiveCfg = Release|Any CPU
		{C6419B33-8478-4CDA-B435-7A6CC6CA12D2}.Release|Any CPU.Build.0 = Release|Any CPU
		{A816330B-2986-429A-A4B8-4939E27AAD79}.Debug|Any CPU.ActiveCfg = Debug|Any CPU
		{A816330B-2986-429A-A4B8-4939E27AAD79}.Debug|Any CPU.Build.0 = Debug|Any CPU
		{A816330B-2986-429A-A4B8-4939E27AAD79}.Release|Any CPU.ActiveCfg = Release|Any CPU
		{A816330B-2986-429A-A4B8-4939E27AAD79}.Release|Any CPU.Build.0 = Release|Any CPU
	EndGlobalSection
	GlobalSection(SolutionProperties) = preSolution
		HideSolutionNode = FALSE
	EndGlobalSection
	GlobalSection(ExtensibilityGlobals) = postSolution
		SolutionGuid = {13B3667D-79DA-4742-BEFA-FF85072E1C4F}
	EndGlobalSection
EndGlobal
